
Microsoft Visual Studio Solution File, Format Version 12.00
# Visual Studio Version 17
VisualStudioVersion = 17.6.33829.357
MinimumVisualStudioVersion = 10.0.40219.1
Project("{FAE04EC0-301F-11D3-BF4B-00C04F79EFBC}") = "MovieRentalTDD", "MovieRentalTDD\MovieRentalTDD.csproj", "{25FFCDDD-267F-4DE6-8676-601338D98113}"
EndProject
Project("{FAE04EC0-301F-11D3-BF4B-00C04F79EFBC}") = "MovieRentalTests", "MovieRentalTests\MovieRentalTests.csproj", "{2F80437B-EDAC-4F0E-9F4E-982B5E885C81}"
EndProject
Global
	GlobalSection(SolutionConfigurationPlatforms) = preSolution
		Debug|Any CPU = Debug|Any CPU
		Release|Any CPU = Release|Any CPU
	EndGlobalSection
	GlobalSection(ProjectConfigurationPlatforms) = postSolution
		{25FFCDDD-267F-4DE6-8676-601338D98113}.Debug|Any CPU.ActiveCfg = Debug|Any CPU
		{25FFCDDD-267F-4DE6-8676-601338D98113}.Debug|Any CPU.Build.0 = Debug|Any CPU
		{25FFCDDD-267F-4DE6-8676-601338D98113}.Release|Any CPU.ActiveCfg = Release|Any CPU
		{25FFCDDD-267F-4DE6-8676-601338D98113}.Release|Any CPU.Build.0 = Release|Any CPU
		{2F80437B-EDAC-4F0E-9F4E-982B5E885C81}.Debug|Any CPU.ActiveCfg = Debug|Any CPU
		{2F80437B-EDAC-4F0E-9F4E-982B5E885C81}.Debug|Any CPU.Build.0 = Debug|Any CPU
		{2F80437B-EDAC-4F0E-9F4E-982B5E885C81}.Release|Any CPU.ActiveCfg = Release|Any CPU
		{2F80437B-EDAC-4F0E-9F4E-982B5E885C81}.Release|Any CPU.Build.0 = Release|Any CPU
	EndGlobalSection
	GlobalSection(SolutionProperties) = preSolution
		HideSolutionNode = FALSE
	EndGlobalSection
	GlobalSection(ExtensibilityGlobals) = postSolution
		SolutionGuid = {4454AF29-4591-4AD2-9CDF-9E7C59D1598E}
	EndGlobalSection
EndGlobal
